
Microsoft Visual Studio Solution File, Format Version 12.00
# Visual Studio Version 16
VisualStudioVersion = 16.0.30309.148
MinimumVisualStudioVersion = 10.0.40219.1
Project("{FAE04EC0-301F-11D3-BF4B-00C04F79EFBC}") = "SOLID_example_2", "SOLID_example_2.csproj", "{B4DFA1A9-FD45-4312-BBEC-F10FCCCA7B99}"
EndProject
Global
	GlobalSection(SolutionConfigurationPlatforms) = preSolution
		Debug|Any CPU = Debug|Any CPU
		Release|Any CPU = Release|Any CPU
	EndGlobalSection
	GlobalSection(ProjectConfigurationPlatforms) = postSolution
		{B4DFA1A9-FD45-4312-BBEC-F10FCCCA7B99}.Debug|Any CPU.ActiveCfg = Debug|Any CPU
		{B4DFA1A9-FD45-4312-BBEC-F10FCCCA7B99}.Debug|Any CPU.Build.0 = Debug|Any CPU
		{B4DFA1A9-FD45-4312-BBEC-F10FCCCA7B99}.Release|Any CPU.ActiveCfg = Release|Any CPU
		{B4DFA1A9-FD45-4312-BBEC-F10FCCCA7B99}.Release|Any CPU.Build.0 = Release|Any CPU
	EndGlobalSection
	GlobalSection(SolutionProperties) = preSolution
		HideSolutionNode = FALSE
	EndGlobalSection
	GlobalSection(ExtensibilityGlobals) = postSolution
		SolutionGuid = {7CD2E5DC-9850-4C77-9812-AEAD8A9CE78E}
	EndGlobalSection
EndGlobal
